
Microsoft Visual Studio Solution File, Format Version 10.00
# Visual C# Express 2008
Project("{FAE04EC0-301F-11D3-BF4B-00C04F79EFBC}") = "FourRow", "FourRow\FourRow.csproj", "{34C102CF-8D1F-4536-8EF6-A816EAB2D807}"
EndProject
Global
	GlobalSection(SolutionConfigurationPlatforms) = preSolution
		Debug|Any CPU = Debug|Any CPU
		Release|Any CPU = Release|Any CPU
	EndGlobalSection
	GlobalSection(ProjectConfigurationPlatforms) = postSolution
		{34C102CF-8D1F-4536-8EF6-A816EAB2D807}.Debug|Any CPU.ActiveCfg = Debug|Any CPU
		{34C102CF-8D1F-4536-8EF6-A816EAB2D807}.Debug|Any CPU.Build.0 = Debug|Any CPU
		{34C102CF-8D1F-4536-8EF6-A816EAB2D807}.Release|Any CPU.ActiveCfg = Release|Any CPU
		{34C102CF-8D1F-4536-8EF6-A816EAB2D807}.Release|Any CPU.Build.0 = Release|Any CPU
	EndGlobalSection
	GlobalSection(SolutionProperties) = preSolution
		HideSolutionNode = FALSE
	EndGlobalSection
EndGlobal
